
Microsoft Visual Studio Solution File, Format Version 12.00
# Visual Studio Version 17
VisualStudioVersion = 17.5.33502.453
MinimumVisualStudioVersion = 10.0.40219.1
Project("{2150E333-8FDC-42A3-9474-1A3956D46DE8}") = "Internal", "Internal", "{876549FA-AB68-4E50-9FA0-61792C0D82BE}"
	ProjectSection(SolutionItems) = preProject
		Internal\.editorconfig = Internal\.editorconfig
	EndProjectSection
EndProject
Project("{2150E333-8FDC-42A3-9474-1A3956D46DE8}") = "Scripts", "Scripts", "{A7590BC7-8ED0-4907-BF4F-AD54ECE84C61}"
EndProject
Project("{2150E333-8FDC-42A3-9474-1A3956D46DE8}") = "Dlls", "Dlls", "{997A4A58-6277-44CC-B0D8-70D14795A426}"
	ProjectSection(SolutionItems) = preProject
		Dlls\ABOUT.md = Dlls\ABOUT.md
	EndProjectSection
EndProject
Project("{2150E333-8FDC-42A3-9474-1A3956D46DE8}") = "CompanionFiles", "CompanionFiles", "{588DA464-1A80-4B79-8715-D39D8E92C959}"
EndProject
Project("{2150E333-8FDC-42A3-9474-1A3956D46DE8}") = "Skyline DataMiner", "Skyline DataMiner", "{2ECF4408-0275-48B3-97E1-0262C02E0E7B}"
	ProjectSection(SolutionItems) = preProject
		CompanionFiles\Skyline DataMiner\AboutThisFolder.md = CompanionFiles\Skyline DataMiner\AboutThisFolder.md
	EndProjectSection
EndProject
Project("{2150E333-8FDC-42A3-9474-1A3956D46DE8}") = "Documentation", "Documentation", "{A2D607E2-61C1-497B-9F48-D47E4A60302F}"
	ProjectSection(SolutionItems) = preProject
		Documentation\ABOUT.md = Documentation\ABOUT.md
		README.md = README.md
	EndProjectSection
EndProject
Project("{2150E333-8FDC-42A3-9474-1A3956D46DE8}") = "Tests", "Tests", "{F8938D60-51A0-4880-9CFC-19C66379BB5D}"
EndProject
Project("{2150E333-8FDC-42A3-9474-1A3956D46DE8}") = "Code Analysis", "Code Analysis", "{863B67A5-A43F-48A7-8024-A1B580031980}"
	ProjectSection(SolutionItems) = preProject
		Internal\Code Analysis\qaction-debug.ruleset = Internal\Code Analysis\qaction-debug.ruleset
		Internal\Code Analysis\qaction-release.ruleset = Internal\Code Analysis\qaction-release.ruleset
		Internal\Code Analysis\stylecop.json = Internal\Code Analysis\stylecop.json
	EndProjectSection
EndProject
Project("{2150E333-8FDC-42A3-9474-1A3956D46DE8}") = "GQI_Mediaproxy_GetDpiEvents", "GQI_Mediaproxy_GetDpiEvents", "{3D891F95-47DA-44CE-B037-8FD1E65233A0}"
	ProjectSection(SolutionItems) = preProject
		GQI_Mediaproxy_GetDpiEvents.xml = GQI_Mediaproxy_GetDpiEvents.xml
	EndProjectSection
EndProject
Project("{2150E333-8FDC-42A3-9474-1A3956D46DE8}") = "Actions", "Actions", "{90AD5CC3-AA6A-4CA3-9559-8E601F863E44}"
EndProject
Project("{9A19103F-16F7-4668-BE54-9A1E7A4F7556}") = "GQI_Mediaproxy_GetDpiEvents_1", "GQI_Mediaproxy_GetDpiEvents_1\GQI_Mediaproxy_GetDpiEvents_1.csproj", "{147266D3-FA95-41D7-8568-5C06F0593E4E}"
EndProject
Global
	GlobalSection(SolutionConfigurationPlatforms) = preSolution
		Debug|Any CPU = Debug|Any CPU
		Release|Any CPU = Release|Any CPU
	EndGlobalSection
	GlobalSection(ProjectConfigurationPlatforms) = postSolution
		{147266D3-FA95-41D7-8568-5C06F0593E4E}.Debug|Any CPU.ActiveCfg = Debug|Any CPU
		{147266D3-FA95-41D7-8568-5C06F0593E4E}.Debug|Any CPU.Build.0 = Debug|Any CPU
		{147266D3-FA95-41D7-8568-5C06F0593E4E}.Release|Any CPU.ActiveCfg = Release|Any CPU
		{147266D3-FA95-41D7-8568-5C06F0593E4E}.Release|Any CPU.Build.0 = Release|Any CPU
	EndGlobalSection
	GlobalSection(SolutionProperties) = preSolution
		HideSolutionNode = FALSE
	EndGlobalSection
	GlobalSection(NestedProjects) = preSolution
		{2ECF4408-0275-48B3-97E1-0262C02E0E7B} = {588DA464-1A80-4B79-8715-D39D8E92C959}
		{863B67A5-A43F-48A7-8024-A1B580031980} = {876549FA-AB68-4E50-9FA0-61792C0D82BE}
		{3D891F95-47DA-44CE-B037-8FD1E65233A0} = {A7590BC7-8ED0-4907-BF4F-AD54ECE84C61}
		{90AD5CC3-AA6A-4CA3-9559-8E601F863E44} = {3D891F95-47DA-44CE-B037-8FD1E65233A0}
		{147266D3-FA95-41D7-8568-5C06F0593E4E} = {90AD5CC3-AA6A-4CA3-9559-8E601F863E44}
	EndGlobalSection
	GlobalSection(ExtensibilityGlobals) = postSolution
		SolutionGuid = {14175867-3879-46D0-A35F-D494A266E6BA}
	EndGlobalSection
EndGlobal
